// !$*UTF8*$!
{
	archiveVersion = 1;
	classes = {
	};
	objectVersion = 46;
	objects = {

/* Begin PBXBuildFile section */
		35284FA11A93918A0038F9E3 /* DemoViewController.swift in Sources */ = {isa = PBXBuildFile; fileRef = 35284FA01A93918A0038F9E3 /* DemoViewController.swift */; };
		35284FA21A93918A0038F9E3 /* DemoViewController.swift in Sources */ = {isa = PBXBuildFile; fileRef = 35284FA01A93918A0038F9E3 /* DemoViewController.swift */; };
		35284FA41A93A8D20038F9E3 /* BarGraphUITests.swift in Sources */ = {isa = PBXBuildFile; fileRef = 35284FA31A93A8D20038F9E3 /* BarGraphUITests.swift */; };
		35C4F7391A9258C1001BE87A /* AppDelegate.swift in Sources */ = {isa = PBXBuildFile; fileRef = 35C4F7381A9258C1001BE87A /* AppDelegate.swift */; };
		35C4F73B1A9258C1001BE87A /* ViewController.swift in Sources */ = {isa = PBXBuildFile; fileRef = 35C4F73A1A9258C1001BE87A /* ViewController.swift */; };
		35C4F73E1A9258C1001BE87A /* Main.storyboard in Resources */ = {isa = PBXBuildFile; fileRef = 35C4F73C1A9258C1001BE87A /* Main.storyboard */; };
		35C4F7401A9258C1001BE87A /* Images.xcassets in Resources */ = {isa = PBXBuildFile; fileRef = 35C4F73F1A9258C1001BE87A /* Images.xcassets */; };
		35C4F7431A9258C1001BE87A /* LaunchScreen.xib in Resources */ = {isa = PBXBuildFile; fileRef = 35C4F7411A9258C1001BE87A /* LaunchScreen.xib */; };
		35C4F7591A925A43001BE87A /* BasicGraphTests.swift in Sources */ = {isa = PBXBuildFile; fileRef = 35C4F7581A925A43001BE87A /* BasicGraphTests.swift */; };
		35C4F75B1A925A9C001BE87A /* BarGraphView.swift in Sources */ = {isa = PBXBuildFile; fileRef = 35C4F75A1A925A9C001BE87A /* BarGraphView.swift */; };
		35C4F75C1A925A9C001BE87A /* BarGraphView.swift in Sources */ = {isa = PBXBuildFile; fileRef = 35C4F75A1A925A9C001BE87A /* BarGraphView.swift */; };
/* End PBXBuildFile section */

/* Begin PBXContainerItemProxy section */
		35C4F7491A9258C1001BE87A /* PBXContainerItemProxy */ = {
			isa = PBXContainerItemProxy;
			containerPortal = 35C4F72B1A9258C0001BE87A /* Project object */;
			proxyType = 1;
			remoteGlobalIDString = 35C4F7321A9258C0001BE87A;
			remoteInfo = LevatasGraphing;
		};
/* End PBXContainerItemProxy section */

/* Begin PBXFileReference section */
		35284FA01A93918A0038F9E3 /* DemoViewController.swift */ = {isa = PBXFileReference; fileEncoding = 4; lastKnownFileType = sourcecode.swift; path = DemoViewController.swift; sourceTree = "<group>"; };
		35284FA31A93A8D20038F9E3 /* BarGraphUITests.swift */ = {isa = PBXFileReference; fileEncoding = 4; lastKnownFileType = sourcecode.swift; path = BarGraphUITests.swift; sourceTree = "<group>"; };
		35C4F7331A9258C0001BE87A /* LevatasGraphing.app */ = {isa = PBXFileReference; explicitFileType = wrapper.application; includeInIndex = 0; path = LevatasGraphing.app; sourceTree = BUILT_PRODUCTS_DIR; };
		35C4F7371A9258C1001BE87A /* Info.plist */ = {isa = PBXFileReference; lastKnownFileType = text.plist.xml; path = Info.plist; sourceTree = "<group>"; };
		35C4F7381A9258C1001BE87A /* AppDelegate.swift */ = {isa = PBXFileReference; lastKnownFileType = sourcecode.swift; path = AppDelegate.swift; sourceTree = "<group>"; };
		35C4F73A1A9258C1001BE87A /* ViewController.swift */ = {isa = PBXFileReference; lastKnownFileType = sourcecode.swift; path = ViewController.swift; sourceTree = "<group>"; };
		35C4F73D1A9258C1001BE87A /* Base */ = {isa = PBXFileReference; lastKnownFileType = file.storyboard; name = Base; path = Base.lproj/Main.storyboard; sourceTree = "<group>"; };
		35C4F73F1A9258C1001BE87A /* Images.xcassets */ = {isa = PBXFileReference; lastKnownFileType = folder.assetcatalog; path = Images.xcassets; sourceTree = "<group>"; };
		35C4F7421A9258C1001BE87A /* Base */ = {isa = PBXFileReference; lastKnownFileType = file.xib; name = Base; path = Base.lproj/LaunchScreen.xib; sourceTree = "<group>"; };
		35C4F7481A9258C1001BE87A /* LevatasGraphingTests.xctest */ = {isa = PBXFileReference; explicitFileType = wrapper.cfbundle; includeInIndex = 0; path = LevatasGraphingTests.xctest; sourceTree = BUILT_PRODUCTS_DIR; };
		35C4F74D1A9258C1001BE87A /* Info.plist */ = {isa = PBXFileReference; lastKnownFileType = text.plist.xml; path = Info.plist; sourceTree = "<group>"; };
		35C4F7581A925A43001BE87A /* BasicGraphTests.swift */ = {isa = PBXFileReference; fileEncoding = 4; lastKnownFileType = sourcecode.swift; path = BasicGraphTests.swift; sourceTree = "<group>"; };
		35C4F75A1A925A9C001BE87A /* BarGraphView.swift */ = {isa = PBXFileReference; fileEncoding = 4; lastKnownFileType = sourcecode.swift; path = BarGraphView.swift; sourceTree = "<group>"; };
/* End PBXFileReference section */

/* Begin PBXFrameworksBuildPhase section */
		35C4F7301A9258C0001BE87A /* Frameworks */ = {
			isa = PBXFrameworksBuildPhase;
			buildActionMask = 2147483647;
			files = (
			);
			runOnlyForDeploymentPostprocessing = 0;
		};
		35C4F7451A9258C1001BE87A /* Frameworks */ = {
			isa = PBXFrameworksBuildPhase;
			buildActionMask = 2147483647;
			files = (
			);
			runOnlyForDeploymentPostprocessing = 0;
		};
/* End PBXFrameworksBuildPhase section */

/* Begin PBXGroup section */
		35C4F72A1A9258C0001BE87A = {
			isa = PBXGroup;
			children = (
				35C4F7351A9258C0001BE87A /* LevatasGraphing */,
				35C4F74B1A9258C1001BE87A /* LevatasGraphingTests */,
				35C4F7341A9258C0001BE87A /* Products */,
			);
			sourceTree = "<group>";
		};
		35C4F7341A9258C0001BE87A /* Products */ = {
			isa = PBXGroup;
			children = (
				35C4F7331A9258C0001BE87A /* LevatasGraphing.app */,
				35C4F7481A9258C1001BE87A /* LevatasGraphingTests.xctest */,
			);
			name = Products;
			sourceTree = "<group>";
		};
		35C4F7351A9258C0001BE87A /* LevatasGraphing */ = {
			isa = PBXGroup;
			children = (
				35C4F7381A9258C1001BE87A /* AppDelegate.swift */,
				35C4F73A1A9258C1001BE87A /* ViewController.swift */,
				35C4F73C1A9258C1001BE87A /* Main.storyboard */,
				35284FA31A93A8D20038F9E3 /* BarGraphUITests.swift */,
				35C4F73F1A9258C1001BE87A /* Images.xcassets */,
				35C4F7411A9258C1001BE87A /* LaunchScreen.xib */,
				35C4F7361A9258C1001BE87A /* Supporting Files */,
				35C4F75A1A925A9C001BE87A /* BarGraphView.swift */,
				35284FA01A93918A0038F9E3 /* DemoViewController.swift */,
			);
			path = LevatasGraphing;
			sourceTree = "<group>";
		};
		35C4F7361A9258C1001BE87A /* Supporting Files */ = {
			isa = PBXGroup;
			children = (
				35C4F7371A9258C1001BE87A /* Info.plist */,
			);
			name = "Supporting Files";
			sourceTree = "<group>";
		};
		35C4F74B1A9258C1001BE87A /* LevatasGraphingTests */ = {
			isa = PBXGroup;
			children = (
				35C4F74C1A9258C1001BE87A /* Supporting Files */,
				35C4F7581A925A43001BE87A /* BasicGraphTests.swift */,
			);
			path = LevatasGraphingTests;
			sourceTree = "<group>";
		};
		35C4F74C1A9258C1001BE87A /* Supporting Files */ = {
			isa = PBXGroup;
			children = (
				35C4F74D1A9258C1001BE87A /* Info.plist */,
			);
			name = "Supporting Files";
			sourceTree = "<group>";
		};
/* End PBXGroup section */

/* Begin PBXNativeTarget section */
		35C4F7321A9258C0001BE87A /* LevatasGraphing */ = {
			isa = PBXNativeTarget;
			buildConfigurationList = 35C4F7521A9258C1001BE87A /* Build configuration list for PBXNativeTarget "LevatasGraphing" */;
			buildPhases = (
				35C4F72F1A9258C0001BE87A /* Sources */,
				35C4F7301A9258C0001BE87A /* Frameworks */,
				35C4F7311A9258C0001BE87A /* Resources */,
			);
			buildRules = (
			);
			dependencies = (
			);
			name = LevatasGraphing;
			productName = LevatasGraphing;
			productReference = 35C4F7331A9258C0001BE87A /* LevatasGraphing.app */;
			productType = "com.apple.product-type.application";
		};
		35C4F7471A9258C1001BE87A /* LevatasGraphingTests */ = {
			isa = PBXNativeTarget;
			buildConfigurationList = 35C4F7551A9258C1001BE87A /* Build configuration list for PBXNativeTarget "LevatasGraphingTests" */;
			buildPhases = (
				35C4F7441A9258C1001BE87A /* Sources */,
				35C4F7451A9258C1001BE87A /* Frameworks */,
				35C4F7461A9258C1001BE87A /* Resources */,
			);
			buildRules = (
			);
			dependencies = (
				35C4F74A1A9258C1001BE87A /* PBXTargetDependency */,
			);
			name = LevatasGraphingTests;
			productName = LevatasGraphingTests;
			productReference = 35C4F7481A9258C1001BE87A /* LevatasGraphingTests.xctest */;
			productType = "com.apple.product-type.bundle.unit-test";
		};
/* End PBXNativeTarget section */

/* Begin PBXProject section */
		35C4F72B1A9258C0001BE87A /* Project object */ = {
			isa = PBXProject;
			attributes = {
				LastUpgradeCheck = 0610;
				ORGANIZATIONNAME = Levatas;
				TargetAttributes = {
					35C4F7321A9258C0001BE87A = {
						CreatedOnToolsVersion = 6.1.1;
					};
					35C4F7471A9258C1001BE87A = {
						CreatedOnToolsVersion = 6.1.1;
						TestTargetID = 35C4F7321A9258C0001BE87A;
					};
				};
			};
			buildConfigurationList = 35C4F72E1A9258C0001BE87A /* Build configuration list for PBXProject "LevatasGraphing" */;
			compatibilityVersion = "Xcode 3.2";
			developmentRegion = English;
			hasScannedForEncodings = 0;
			knownRegions = (
				en,
				Base,
			);
			mainGroup = 35C4F72A1A9258C0001BE87A;
			productRefGroup = 35C4F7341A9258C0001BE87A /* Products */;
			projectDirPath = "";
			projectRoot = "";
			targets = (
				35C4F7321A9258C0001BE87A /* LevatasGraphing */,
				35C4F7471A9258C1001BE87A /* LevatasGraphingTests */,
			);
		};
/* End PBXProject section */

/* Begin PBXResourcesBuildPhase section */
		35C4F7311A9258C0001BE87A /* Resources */ = {
			isa = PBXResourcesBuildPhase;
			buildActionMask = 2147483647;
			files = (
				35C4F73E1A9258C1001BE87A /* Main.storyboard in Resources */,
				35C4F7431A9258C1001BE87A /* LaunchScreen.xib in Resources */,
				35C4F7401A9258C1001BE87A /* Images.xcassets in Resources */,
			);
			runOnlyForDeploymentPostprocessing = 0;
		};
		35C4F7461A9258C1001BE87A /* Resources */ = {
			isa = PBXResourcesBuildPhase;
			buildActionMask = 2147483647;
			files = (
			);
			runOnlyForDeploymentPostprocessing = 0;
		};
/* End PBXResourcesBuildPhase section */

/* Begin PBXSourcesBuildPhase section */
		35C4F72F1A9258C0001BE87A /* Sources */ = {
			isa = PBXSourcesBuildPhase;
			buildActionMask = 2147483647;
			files = (
				35C4F75B1A925A9C001BE87A /* BarGraphView.swift in Sources */,
				35C4F73B1A9258C1001BE87A /* ViewController.swift in Sources */,
				35C4F7391A9258C1001BE87A /* AppDelegate.swift in Sources */,
				35284FA11A93918A0038F9E3 /* DemoViewController.swift in Sources */,
			);
			runOnlyForDeploymentPostprocessing = 0;
		};
		35C4F7441A9258C1001BE87A /* Sources */ = {
			isa = PBXSourcesBuildPhase;
			buildActionMask = 2147483647;
			files = (
				35284FA41A93A8D20038F9E3 /* BarGraphUITests.swift in Sources */,
				35284FA21A93918A0038F9E3 /* DemoViewController.swift in Sources */,
				35C4F7591A925A43001BE87A /* BasicGraphTests.swift in Sources */,
				35C4F75C1A925A9C001BE87A /* BarGraphView.swift in Sources */,
			);
			runOnlyForDeploymentPostprocessing = 0;
		};
/* End PBXSourcesBuildPhase section */

/* Begin PBXTargetDependency section */
		35C4F74A1A9258C1001BE87A /* PBXTargetDependency */ = {
			isa = PBXTargetDependency;
			target = 35C4F7321A9258C0001BE87A /* LevatasGraphing */;
			targetProxy = 35C4F7491A9258C1001BE87A /* PBXContainerItemProxy */;
		};
/* End PBXTargetDependency section */

/* Begin PBXVariantGroup section */
		35C4F73C1A9258C1001BE87A /* Main.storyboard */ = {
			isa = PBXVariantGroup;
			children = (
				35C4F73D1A9258C1001BE87A /* Base */,
			);
			name = Main.storyboard;
			sourceTree = "<group>";
		};
		35C4F7411A9258C1001BE87A /* LaunchScreen.xib */ = {
			isa = PBXVariantGroup;
			children = (
				35C4F7421A9258C1001BE87A /* Base */,
			);
			name = LaunchScreen.xib;
			sourceTree = "<group>";
		};
/* End PBXVariantGroup section */

/* Begin XCBuildConfiguration section */
		35C4F7501A9258C1001BE87A /* Debug */ = {
			isa = XCBuildConfiguration;
			buildSettings = {
				ALWAYS_SEARCH_USER_PATHS = NO;
				CLANG_CXX_LANGUAGE_STANDARD = "gnu++0x";
				CLANG_CXX_LIBRARY = "libc++";
				CLANG_ENABLE_MODULES = YES;
				CLANG_ENABLE_OBJC_ARC = YES;
				CLANG_WARN_BOOL_CONVERSION = YES;
				CLANG_WARN_CONSTANT_CONVERSION = YES;
				CLANG_WARN_DIRECT_OBJC_ISA_USAGE = YES_ERROR;
				CLANG_WARN_EMPTY_BODY = YES;
				CLANG_WARN_ENUM_CONVERSION = YES;
				CLANG_WARN_INT_CONVERSION = YES;
				CLANG_WARN_OBJC_ROOT_CLASS = YES_ERROR;
				CLANG_WARN_UNREACHABLE_CODE = YES;
				CLANG_WARN__DUPLICATE_METHOD_MATCH = YES;
				"CODE_SIGN_IDENTITY[sdk=iphoneos*]" = "iPhone Developer";
				COPY_PHASE_STRIP = NO;
				ENABLE_STRICT_OBJC_MSGSEND = YES;
				GCC_C_LANGUAGE_STANDARD = gnu99;
				GCC_DYNAMIC_NO_PIC = NO;
				GCC_OPTIMIZATION_LEVEL = 0;
				GCC_PREPROCESSOR_DEFINITIONS = (
					"DEBUG=1",
					"$(inherited)",
				);
				GCC_SYMBOLS_PRIVATE_EXTERN = NO;
				GCC_WARN_64_TO_32_BIT_CONVERSION = YES;
				GCC_WARN_ABOUT_RETURN_TYPE = YES_ERROR;
				GCC_WARN_UNDECLARED_SELECTOR = YES;
				GCC_WARN_UNINITIALIZED_AUTOS = YES_AGGRESSIVE;
				GCC_WARN_UNUSED_FUNCTION = YES;
				GCC_WARN_UNUSED_VARIABLE = YES;
				IPHONEOS_DEPLOYMENT_TARGET = 8.1;
				MTL_ENABLE_DEBUG_INFO = YES;
				ONLY_ACTIVE_ARCH = YES;
				SDKROOT = iphoneos;
				SWIFT_OPTIMIZATION_LEVEL = "-Onone";
				TARGETED_DEVICE_FAMILY = "1,2";
			};
			name = Debug;
		};
		35C4F7511A9258C1001BE87A /* Release */ = {
			isa = XCBuildConfiguration;
			buildSettings = {
				ALWAYS_SEARCH_USER_PATHS = NO;
				CLANG_CXX_LANGUAGE_STANDARD = "gnu++0x";
				CLANG_CXX_LIBRARY = "libc++";
				CLANG_ENABLE_MODULES = YES;
				CLANG_ENABLE_OBJC_ARC = YES;
				CLANG_WARN_BOOL_CONVERSION = YES;
				CLANG_WARN_CONSTANT_CONVERSION = YES;
				CLANG_WARN_DIRECT_OBJC_ISA_USAGE = YES_ERROR;
				CLANG_WARN_EMPTY_BODY = YES;
				CLANG_WARN_ENUM_CONVERSION = YES;
				CLANG_WARN_INT_CONVERSION = YES;
				CLANG_WARN_OBJC_ROOT_CLASS = YES_ERROR;
				CLANG_WARN_UNREACHABLE_CODE = YES;
				CLANG_WARN__DUPLICATE_METHOD_MATCH = YES;
				"CODE_SIGN_IDENTITY[sdk=iphoneos*]" = "iPhone Developer";
				COPY_PHASE_STRIP = YES;
				ENABLE_NS_ASSERTIONS = NO;
				ENABLE_STRICT_OBJC_MSGSEND = YES;
				GCC_C_LANGUAGE_STANDARD = gnu99;
				GCC_WARN_64_TO_32_BIT_CONVERSION = YES;
				GCC_WARN_ABOUT_RETURN_TYPE = YES_ERROR;
				GCC_WARN_UNDECLARED_SELECTOR = YES;
				GCC_WARN_UNINITIALIZED_AUTOS = YES_AGGRESSIVE;
				GCC_WARN_UNUSED_FUNCTION = YES;
				GCC_WARN_UNUSED_VARIABLE = YES;
				IPHONEOS_DEPLOYMENT_TARGET = 8.1;
				MTL_ENABLE_DEBUG_INFO = NO;
				SDKROOT = iphoneos;
				TARGETED_DEVICE_FAMILY = "1,2";
				VALIDATE_PRODUCT = YES;
			};
			name = Release;
		};
		35C4F7531A9258C1001BE87A /* Debug */ = {
			isa = XCBuildConfiguration;
			buildSettings = {
				ASSETCATALOG_COMPILER_APPICON_NAME = AppIcon;
				INFOPLIST_FILE = LevatasGraphing/Info.plist;
				LD_RUNPATH_SEARCH_PATHS = "$(inherited) @executable_path/Frameworks";
				PRODUCT_NAME = "$(TARGET_NAME)";
			};
			name = Debug;
		};
		35C4F7541A9258C1001BE87A /* Release */ = {
			isa = XCBuildConfiguration;
			buildSettings = {
				ASSETCATALOG_COMPILER_APPICON_NAME = AppIcon;
				INFOPLIST_FILE = LevatasGraphing/Info.plist;
				LD_RUNPATH_SEARCH_PATHS = "$(inherited) @executable_path/Frameworks";
				PRODUCT_NAME = "$(TARGET_NAME)";
			};
			name = Release;
		};
		35C4F7561A9258C1001BE87A /* Debug */ = {
			isa = XCBuildConfiguration;
			buildSettings = {
				BUNDLE_LOADER = "$(TEST_HOST)";
				FRAMEWORK_SEARCH_PATHS = (
					"$(SDKROOT)/Developer/Library/Frameworks",
					"$(inherited)",
				);
				GCC_PREPROCESSOR_DEFINITIONS = (
					"DEBUG=1",
					"$(inherited)",
				);
				INFOPLIST_FILE = LevatasGraphingTests/Info.plist;
				LD_RUNPATH_SEARCH_PATHS = "$(inherited) @executable_path/Frameworks @loader_path/Frameworks";
				PRODUCT_NAME = "$(TARGET_NAME)";
				TEST_HOST = "$(BUILT_PRODUCTS_DIR)/LevatasGraphing.app/LevatasGraphing";
			};
			name = Debug;
		};
		35C4F7571A9258C1001BE87A /* Release */ = {
			isa = XCBuildConfiguration;
			buildSettings = {
				BUNDLE_LOADER = "$(TEST_HOST)";
				FRAMEWORK_SEARCH_PATHS = (
					"$(SDKROOT)/Developer/Library/Frameworks",
					"$(inherited)",
				);
				INFOPLIST_FILE = LevatasGraphingTests/Info.plist;
				LD_RUNPATH_SEARCH_PATHS = "$(inherited) @executable_path/Frameworks @loader_path/Frameworks";
				PRODUCT_NAME = "$(TARGET_NAME)";
				TEST_HOST = "$(BUILT_PRODUCTS_DIR)/LevatasGraphing.app/LevatasGraphing";
			};
			name = Release;
		};
/* End XCBuildConfiguration section */

/* Begin XCConfigurationList section */
		35C4F72E1A9258C0001BE87A /* Build configuration list for PBXProject "LevatasGraphing" */ = {
			isa = XCConfigurationList;
			buildConfigurations = (
				35C4F7501A9258C1001BE87A /* Debug */,
				35C4F7511A9258C1001BE87A /* Release */,
			);
			defaultConfigurationIsVisible = 0;
			defaultConfigurationName = Release;
		};
		35C4F7521A9258C1001BE87A /* Build configuration list for PBXNativeTarget "LevatasGraphing" */ = {
			isa = XCConfigurationList;
			buildConfigurations = (
				35C4F7531A9258C1001BE87A /* Debug */,
				35C4F7541A9258C1001BE87A /* Release */,
			);
			defaultConfigurationIsVisible = 0;
			defaultConfigurationName = Release;
		};
		35C4F7551A9258C1001BE87A /* Build configuration list for PBXNativeTarget "LevatasGraphingTests" */ = {
			isa = XCConfigurationList;
			buildConfigurations = (
				35C4F7561A9258C1001BE87A /* Debug */,
				35C4F7571A9258C1001BE87A /* Release */,
			);
			defaultConfigurationIsVisible = 0;
			defaultConfigurationName = Release;
		};
/* End XCConfigurationList section */
	};
	rootObject = 35C4F72B1A9258C0001BE87A /* Project object */;
}
